
Microsoft Visual Studio Solution File, Format Version 12.00
# Visual Studio Version 17
VisualStudioVersion = 17.5.2.0
MinimumVisualStudioVersion = 10.0.40219.1
Project("{FAE04EC0-301F-11D3-BF4B-00C04F79EFBC}") = "ProjetoBanco.Core", "ProjetoBanco.Core\ProjetoBanco.Core.csproj", "{DCA16A3F-23C6-42F4-BC4D-5EECD69C6284}"
EndProject
Project("{FAE04EC0-301F-11D3-BF4B-00C04F79EFBC}") = "ProjetoBanco.ConsoleApp", "ProjetoBanco.ConsoleApp\ProjetoBanco.ConsoleApp.csproj", "{346E3257-9776-4A80-AEC4-6B0805E58E49}"
EndProject
Project("{FAE04EC0-301F-11D3-BF4B-00C04F79EFBC}") = "ProjetoBanco.Tests", "ProjetoBanco.Tests\ProjetoBanco.Tests.csproj", "{08DA755D-A195-46C0-8B95-959173FC0615}"
EndProject
Project("{FAE04EC0-301F-11D3-BF4B-00C04F79EFBC}") = "ProjetoBanco.Infrastructure", "ProjetoBanco.Infrastructure\ProjetoBanco.Infrastructure.csproj", "{E3F6F4F6-6907-4207-9C21-B0FA6047F513}"
EndProject
Global
	GlobalSection(SolutionConfigurationPlatforms) = preSolution
		Debug|Any CPU = Debug|Any CPU
		Debug|x64 = Debug|x64
		Debug|x86 = Debug|x86
		Release|Any CPU = Release|Any CPU
		Release|x64 = Release|x64
		Release|x86 = Release|x86
	EndGlobalSection
	GlobalSection(ProjectConfigurationPlatforms) = postSolution
		{DCA16A3F-23C6-42F4-BC4D-5EECD69C6284}.Debug|Any CPU.ActiveCfg = Debug|Any CPU
		{DCA16A3F-23C6-42F4-BC4D-5EECD69C6284}.Debug|Any CPU.Build.0 = Debug|Any CPU
		{DCA16A3F-23C6-42F4-BC4D-5EECD69C6284}.Debug|x64.ActiveCfg = Debug|Any CPU
		{DCA16A3F-23C6-42F4-BC4D-5EECD69C6284}.Debug|x64.Build.0 = Debug|Any CPU
		{DCA16A3F-23C6-42F4-BC4D-5EECD69C6284}.Debug|x86.ActiveCfg = Debug|Any CPU
		{DCA16A3F-23C6-42F4-BC4D-5EECD69C6284}.Debug|x86.Build.0 = Debug|Any CPU
		{DCA16A3F-23C6-42F4-BC4D-5EECD69C6284}.Release|Any CPU.ActiveCfg = Release|Any CPU
		{DCA16A3F-23C6-42F4-BC4D-5EECD69C6284}.Release|Any CPU.Build.0 = Release|Any CPU
		{DCA16A3F-23C6-42F4-BC4D-5EECD69C6284}.Release|x64.ActiveCfg = Release|Any CPU
		{DCA16A3F-23C6-42F4-BC4D-5EECD69C6284}.Release|x64.Build.0 = Release|Any CPU
		{DCA16A3F-23C6-42F4-BC4D-5EECD69C6284}.Release|x86.ActiveCfg = Release|Any CPU
		{DCA16A3F-23C6-42F4-BC4D-5EECD69C6284}.Release|x86.Build.0 = Release|Any CPU
		{346E3257-9776-4A80-AEC4-6B0805E58E49}.Debug|Any CPU.ActiveCfg = Debug|Any CPU
		{346E3257-9776-4A80-AEC4-6B0805E58E49}.Debug|Any CPU.Build.0 = Debug|Any CPU
		{346E3257-9776-4A80-AEC4-6B0805E58E49}.Debug|x64.ActiveCfg = Debug|Any CPU
		{346E3257-9776-4A80-AEC4-6B0805E58E49}.Debug|x64.Build.0 = Debug|Any CPU
		{346E3257-9776-4A80-AEC4-6B0805E58E49}.Debug|x86.ActiveCfg = Debug|Any CPU
		{346E3257-9776-4A80-AEC4-6B0805E58E49}.Debug|x86.Build.0 = Debug|Any CPU
		{346E3257-9776-4A80-AEC4-6B0805E58E49}.Release|Any CPU.ActiveCfg = Release|Any CPU
		{346E3257-9776-4A80-AEC4-6B0805E58E49}.Release|Any CPU.Build.0 = Release|Any CPU
		{346E3257-9776-4A80-AEC4-6B0805E58E49}.Release|x64.ActiveCfg = Release|Any CPU
		{346E3257-9776-4A80-AEC4-6B0805E58E49}.Release|x64.Build.0 = Release|Any CPU
		{346E3257-9776-4A80-AEC4-6B0805E58E49}.Release|x86.ActiveCfg = Release|Any CPU
		{346E3257-9776-4A80-AEC4-6B0805E58E49}.Release|x86.Build.0 = Release|Any CPU
		{08DA755D-A195-46C0-8B95-959173FC0615}.Debug|Any CPU.ActiveCfg = Debug|Any CPU
		{08DA755D-A195-46C0-8B95-959173FC0615}.Debug|Any CPU.Build.0 = Debug|Any CPU
		{08DA755D-A195-46C0-8B95-959173FC0615}.Debug|x64.ActiveCfg = Debug|Any CPU
		{08DA755D-A195-46C0-8B95-959173FC0615}.Debug|x64.Build.0 = Debug|Any CPU
		{08DA755D-A195-46C0-8B95-959173FC0615}.Debug|x86.ActiveCfg = Debug|Any CPU
		{08DA755D-A195-46C0-8B95-959173FC0615}.Debug|x86.Build.0 = Debug|Any CPU
		{08DA755D-A195-46C0-8B95-959173FC0615}.Release|Any CPU.ActiveCfg = Release|Any CPU
		{08DA755D-A195-46C0-8B95-959173FC0615}.Release|Any CPU.Build.0 = Release|Any CPU
		{08DA755D-A195-46C0-8B95-959173FC0615}.Release|x64.ActiveCfg = Release|Any CPU
		{08DA755D-A195-46C0-8B95-959173FC0615}.Release|x64.Build.0 = Release|Any CPU
		{08DA755D-A195-46C0-8B95-959173FC0615}.Release|x86.ActiveCfg = Release|Any CPU
		{08DA755D-A195-46C0-8B95-959173FC0615}.Release|x86.Build.0 = Release|Any CPU
		{E3F6F4F6-6907-4207-9C21-B0FA6047F513}.Debug|Any CPU.ActiveCfg = Debug|Any CPU
		{E3F6F4F6-6907-4207-9C21-B0FA6047F513}.Debug|Any CPU.Build.0 = Debug|Any CPU
		{E3F6F4F6-6907-4207-9C21-B0FA6047F513}.Debug|x64.ActiveCfg = Debug|Any CPU
		{E3F6F4F6-6907-4207-9C21-B0FA6047F513}.Debug|x64.Build.0 = Debug|Any CPU
		{E3F6F4F6-6907-4207-9C21-B0FA6047F513}.Debug|x86.ActiveCfg = Debug|Any CPU
		{E3F6F4F6-6907-4207-9C21-B0FA6047F513}.Debug|x86.Build.0 = Debug|Any CPU
		{E3F6F4F6-6907-4207-9C21-B0FA6047F513}.Release|Any CPU.ActiveCfg = Release|Any CPU
		{E3F6F4F6-6907-4207-9C21-B0FA6047F513}.Release|Any CPU.Build.0 = Release|Any CPU
		{E3F6F4F6-6907-4207-9C21-B0FA6047F513}.Release|x64.ActiveCfg = Release|Any CPU
		{E3F6F4F6-6907-4207-9C21-B0FA6047F513}.Release|x64.Build.0 = Release|Any CPU
		{E3F6F4F6-6907-4207-9C21-B0FA6047F513}.Release|x86.ActiveCfg = Release|Any CPU
		{E3F6F4F6-6907-4207-9C21-B0FA6047F513}.Release|x86.Build.0 = Release|Any CPU
	EndGlobalSection
	GlobalSection(SolutionProperties) = preSolution
		HideSolutionNode = FALSE
	EndGlobalSection
	GlobalSection(ExtensibilityGlobals) = postSolution
		SolutionGuid = {F40BD4E4-7F40-4ACD-8255-F1EFF4CD5229}
	EndGlobalSection
EndGlobal
